{
  "version": "5",
  "specifiers": {
    "jsr:@david/console-static-text@~0.3.4": "0.3.4",
    "jsr:@david/dax@0.49": "0.49.0",
    "jsr:@david/path@0.3": "0.3.3",
    "jsr:@david/path@~0.3.2": "0.3.3",
    "jsr:@david/shell@0.6": "0.6.0",
    "jsr:@david/which@0.7": "0.7.3",
    "jsr:@david/which@~0.7.1": "0.7.3",
    "jsr:@std/assert@0.224": "0.224.0",
    "jsr:@std/assert@^1.0.19": "1.0.19",
    "jsr:@std/async@*": "1.0.10",
    "jsr:@std/bytes@^1.0.6": "1.0.6",
    "jsr:@std/cli@^1.0.32": "1.0.32",
    "jsr:@std/fmt@0.224": "0.224.0",
    "jsr:@std/fmt@1": "1.0.10",
    "jsr:@std/fmt@^1.0.10": "1.0.10",
    "jsr:@std/fs@^1.0.24": "1.0.24",
    "jsr:@std/internal@0.224": "0.224.0",
    "jsr:@std/internal@^1.0.12": "1.0.14",
    "jsr:@std/internal@^1.0.14": "1.0.14",
    "jsr:@std/io@0.225": "0.225.3",
    "jsr:@std/json@^1.0.2": "1.0.2",
    "jsr:@std/jsonc@^1.0.2": "1.0.2",
    "jsr:@std/path@1": "1.1.6",
    "jsr:@std/path@^1.1.5": "1.1.6",
    "jsr:@std/path@^1.1.6": "1.1.6",
    "npm:@types/node@*": "22.5.4",
    "npm:@valibot/to-json-schema@^1.7.1": "1.7.1_valibot@1.4.2",
    "npm:create-desktop-shortcuts@^1.11.1": "1.11.1",
    "npm:ofetch@^1.5.1": "1.5.1",
    "npm:valibot@^1.4.2": "1.4.2",
    "npm:wrangler@*": "4.113.0",
    "npm:wrangler@^4.113.0": "4.113.0",
    "npm:xdiff@~0.2.11": "0.2.11"
  },
  "jsr": {
    "@david/console-static-text@0.3.4": {
      "integrity": "1c596f500b075ff3c8bab1d328ca7148a88067fd9a506b16a73eeaf230c229fd"
    },
    "@david/dax@0.49.0": {
      "integrity": "9876274ff7cffd4d91c5e4bd362e55330bcecd3df8c4450d7c3db46e50e83111",
      "dependencies": [
        "jsr:@david/console-static-text",
        "jsr:@david/path@~0.3.2",
        "jsr:@david/shell",
        "jsr:@david/which@0.7",
        "jsr:@std/fmt@1"
      ]
    },
    "@david/path@0.3.3": {
      "integrity": "19887b1c4ff36d1719b1697b4c10071853f13a85cf60e8713f6a6947e86271b0",
      "dependencies": [
        "jsr:@std/path@^1.1.6"
      ]
    },
    "@david/shell@0.6.0": {
      "integrity": "c58b1005b95ea16195d437cccebae3cd939c7b242a12067f37943b3d114dbf17",
      "dependencies": [
        "jsr:@david/console-static-text",
        "jsr:@david/path@0.3",
        "jsr:@david/which@~0.7.1",
        "jsr:@std/fmt@1",
        "jsr:@std/io",
        "jsr:@std/path@1"
      ]
    },
    "@david/which@0.7.3": {
      "integrity": "ad6697179c4a153b774c59d06ebc056c4f87a9c27117ff74eecb120c245a2aea"
    },
    "@std/assert@0.224.0": {
      "integrity": "8643233ec7aec38a940a8264a6e3eed9bfa44e7a71cc6b3c8874213ff401967f",
      "dependencies": [
        "jsr:@std/fmt@0.224",
        "jsr:@std/internal@0.224"
      ]
    },
    "@std/assert@1.0.19": {
      "integrity": "eaada96ee120cb980bc47e040f82814d786fe8162ecc53c91d8df60b8755991e",
      "dependencies": [
        "jsr:@std/internal@^1.0.12"
      ]
    },
    "@std/async@1.0.10": {
      "integrity": "2ff1b1c7d33d1416159989b0f69e59ec7ee8cb58510df01e454def2108b3dbec"
    },
    "@std/bytes@1.0.6": {
      "integrity": "f6ac6adbd8ccd99314045f5703e23af0a68d7f7e58364b47d2c7f408aeb5820a"
    },
    "@std/cli@1.0.32": {
      "integrity": "188b3a100d6202d64e3f5bd3d799c7fa4f6d77f92cc65eb7f641c1fa0aa92a66",
      "dependencies": [
        "jsr:@std/fmt@^1.0.10",
        "jsr:@std/internal@^1.0.14"
      ]
    },
    "@std/fmt@0.224.0": {
      "integrity": "e20e9a2312a8b5393272c26191c0a68eda8d2c4b08b046bad1673148f1d69851"
    },
    "@std/fmt@1.0.10": {
      "integrity": "90dfba288802ac6de82fb31d0917eb9e4450b9925b954d5e51fc29ac07419db5"
    },
    "@std/fs@1.0.24": {
      "integrity": "f3061b45b81673a2bece689da041df32d174be064c89eb6397fb5718d3fb7877",
      "dependencies": [
        "jsr:@std/internal@^1.0.14",
        "jsr:@std/path@^1.1.5"
      ]
    },
    "@std/internal@0.224.0": {
      "integrity": "afc50644f9cdf4495eeb80523a8f6d27226b4b36c45c7c195dfccad4b8509291",
      "dependencies": [
        "jsr:@std/fmt@0.224"
      ]
    },
    "@std/internal@1.0.14": {
      "integrity": "291516b3d4c35024d6ffbc0a9df5bf4c64116e05b50012cf846710152d2ffdf7"
    },
    "@std/io@0.225.3": {
      "integrity": "27b07b591384d12d7b568f39e61dff966b8230559122df1e9fd11cc068f7ddd1",
      "dependencies": [
        "jsr:@std/bytes"
      ]
    },
    "@std/json@1.0.2": {
      "integrity": "d9e5497801c15fb679f55a2c01c7794ad7a5dfda4dd1bebab5e409cb5e0d34d4"
    },
    "@std/jsonc@1.0.2": {
      "integrity": "909605dae3af22bd75b1cbda8d64a32cf1fd2cf6efa3f9e224aba6d22c0f44c7",
      "dependencies": [
        "jsr:@std/json"
      ]
    },
    "@std/path@1.1.6": {
      "integrity": "c68485c2a4dfbb5ae3cc74fae4e8c4e5d874cf8a8ed12927917235c758b46cbe",
      "dependencies": [
        "jsr:@std/internal@^1.0.14"
      ]
    }
  },
  "npm": {
    "@cloudflare/kv-asset-handler@0.5.0": {
      "integrity": "sha512-jxQYkj8dSIzc0cD6cMMNdOc1UVjqSqu8BZdor5s8cGjW2I8BjODt/kWPVdY+u9zj3ms75Q5qaZgnxUad83+eAg=="
    },
    "@cloudflare/unenv-preset@2.16.1_unenv@2.0.0-rc.24_workerd@1.20260721.1": {
      "integrity": "sha512-ECxObrMfyTl5bhQf/lZCXwo5G6xX9IAUo+nDMKK4SZ8m4Jvvxp52vilxyySSWh2YTZz8+HQ07qGH/2rEom1vDw==",
      "dependencies": [
        "unenv",
        "workerd"
      ],
      "optionalPeers": [
        "workerd"
      ]
    },
    "@cloudflare/workerd-darwin-64@1.20260721.1": {
      "integrity": "sha512-VivNMhiEdZIB4JBWxf1RMJGROErv53qmQ+dvhjA1evrCouvqRYW718VqDideU3PSV7Ythl5Df48NqZYWoaEHpQ==",
      "os": ["darwin"],
      "cpu": ["x64"]
    },
    "@cloudflare/workerd-darwin-arm64@1.20260721.1": {
      "integrity": "sha512-k7oye1ZiuwnnBBA2eTMduconr/ud5ZxFtRNTsYwMdmJeeeislw2+M72otrHxxvybCP7JWPPlJ38uhfajpcyhOA==",
      "os": ["darwin"],
      "cpu": ["arm64"]
    },
    "@cloudflare/workerd-linux-64@1.20260721.1": {
      "integrity": "sha512-hon0lW4ZQ4boAVgaw+0ZFTNS8v5MWPWvK0HZnt4tDpKYnDUviLZawtUW3KqvFmCQTipVHl1S34j3J8Eqb93hGQ==",
      "os": ["linux"],
      "cpu": ["x64"]
    },
    "@cloudflare/workerd-linux-arm64@1.20260721.1": {
      "integrity": "sha512-nAl+HRQqpX5b7xVwWcvLPZmCk8NQ2yjI0yvJTWcHiRswbMEg1ZZckVmjJUAn0PHzZARbCSyIV7v3UjM+SPRmIQ==",
      "os": ["linux"],
      "cpu": ["arm64"]
    },
    "@cloudflare/workerd-windows-64@1.20260721.1": {
      "integrity": "sha512-9paFG5cMTKz/CRixnEEnZbe5uvFPBFSDthxJHANfCWhUtBj49GSL1FPIokIg+Q+H8DGJEExU0lL92LtxD0lTxQ==",
      "os": ["win32"],
      "cpu": ["x64"]
    },
    "@cspotcode/source-map-support@0.8.1": {
      "integrity": "sha512-IchNf6dN4tHoMFIn/7OE8LWZ19Y6q/67Bmf6vnGREv8RSbBVb9LPJxEcnwrcwX6ixSvaiGoomAUvu4YSxXrVgw==",
      "dependencies": [
        "@jridgewell/trace-mapping"
      ]
    },
    "@emnapi/runtime@1.11.2": {
      "integrity": "sha512-kyOl3X0DuTiT1h2ft8r2fYO8JYtU9a9Xis/zBSiGArNaagCOWx90N1k2wxp18czFDH+OgcWGb5ZP/XMt3dcyPA==",
      "dependencies": [
        "tslib"
      ]
    },
    "@esbuild/aix-ppc64@0.28.1": {
      "integrity": "sha512-Svl7tq8k/08+p6CXPpRjQ1fKX+1odH/BQbb48fV6fj3CWHhsoIOoY87w1oHXm0qEpkIK3ZfVgp0hed3XBXzXMQ==",
      "os": ["aix"],
      "cpu": ["ppc64"]
    },
    "@esbuild/android-arm64@0.28.1": {
      "integrity": "sha512-34EGEbCIAgosYz6goLcopX6Mo7NyGv9tfwEM2/7Ce2VcVRk568iSvniGWcUXIy7wEDR1wzolcxcriFVrWYcwBg==",
      "os": ["android"],
      "cpu": ["arm64"]
    },
    "@esbuild/android-arm@0.28.1": {
      "integrity": "sha512-0k2F129Xdio1TdJfzJ8sy1Q47vUD2NnwdhiAf7drUN1EBTfPf4hsFCtmMgu/6m8JSzsBrlmVjudMBQqOfG8usQ==",
      "os": ["android"],
      "cpu": ["arm"]
    },
    "@esbuild/android-x64@0.28.1": {
      "integrity": "sha512-dbwY7ltSMDWsRatcRpCnES4F+im88OCUgGZjy52shC7GqHRE/cYlxNbB4Z4UpJswpcc4Qxd2oE/ufM0p61IKng==",
      "os": ["android"],
      "cpu": ["x64"]
    },
    "@esbuild/darwin-arm64@0.28.1": {
      "integrity": "sha512-TZbWkQY7kvTAXbXUT7uVACR5cMHsDiSz9z7ZKAX/RTq/WJEk3QyRr0wZpNhBDX+/0CtdqUIJlOiodQcta6tY3Q==",
      "os": ["darwin"],
      "cpu": ["arm64"]
    },
    "@esbuild/darwin-x64@0.28.1": {
      "integrity": "sha512-zfdzgK9ACBNZLI/CyHTOx81SyNbM6YXn7rxSgX97VjyiPl9W1i4Ka4fgKECEoFCKGpvBj5qArWIGgQjOwkgskQ==",
      "os": ["darwin"],
      "cpu": ["x64"]
    },
    "@esbuild/freebsd-arm64@0.28.1": {
      "integrity": "sha512-wG2EA8ENdEI0qhkSZMjfqrdY+ziCYCPMmtZjjIwOmXFjmyzEHn+UUxk5of+SYsjtfs3VpnlC7QLzSI5hY/rOAw==",
      "os": ["freebsd"],
      "cpu": ["arm64"]
    },
    "@esbuild/freebsd-x64@0.28.1": {
      "integrity": "sha512-i7dZ9vQgnvSCzi/rYCXNgtF/U+eKZNJBzu3eTQbRgHnM7tNSizLOkRFAl3qzVc/Op/u5YkHHa4pf/3DOYHthLQ==",
      "os": ["freebsd"],
      "cpu": ["x64"]
    },
    "@esbuild/linux-arm64@0.28.1": {
      "integrity": "sha512-yHs+0uc8+nvEAfAfxrWQKK5peSNzBc4PegcMO0EJ2hT71uA7vB8Ihg2e77R2P7SG5uYjPbHlLLmve4LLLRCf0g==",
      "os": ["linux"],
      "cpu": ["arm64"]
    },
    "@esbuild/linux-arm@0.28.1": {
      "integrity": "sha512-qVXBOHQS+d5Y722GwJzJUtOLlX7km3CraOaGormF1pDtPd2C/l1SHRPgjLunLGe51Sh5YYWKMFDyV4SxgMQYTQ==",
      "os": ["linux"],
      "cpu": ["arm"]
    },
    "@esbuild/linux-ia32@0.28.1": {
      "integrity": "sha512-d1z4ZuP0ajrfz/FhGT4vv278rX8KnPPJx8i5+AtK7TYbx9Le9F1hyzurZpkEyjkGa9dUGhQow4C1NmeGvqxN2w==",
      "os": ["linux"],
      "cpu": ["ia32"]
    },
    "@esbuild/linux-loong64@0.28.1": {
      "integrity": "sha512-M5sRjUVZrkm1OAPR3dlOYzNmN+loZKGVi1VUQGrwuqLcbR6qeAz+famMhjASeH3YVKvZz+zT1jlh/keC3Rj/lg==",
      "os": ["linux"],
      "cpu": ["loong64"]
    },
    "@esbuild/linux-mips64el@0.28.1": {
      "integrity": "sha512-mRObBZeHh2OxcBFPWE/FjylkRgZdYuiTR3vaTozquCGOH14iP9oN4x4Ge81CoIDYQrXmIxpFumJBu5MtZpnQJQ==",
      "os": ["linux"],
      "cpu": ["mips64el"]
    },
    "@esbuild/linux-ppc64@0.28.1": {
      "integrity": "sha512-slScBsMAb3GFDcdrCgLwZtPYRoH2H/youv10QiZyRjmsP48fznoveWytSgCI/R0ZcUgpc0ZhIUEx6LHts8yrfQ==",
      "os": ["linux"],
      "cpu": ["ppc64"]
    },
    "@esbuild/linux-riscv64@0.28.1": {
      "integrity": "sha512-kw0owk1o0GFETUJyW0jc0G4Yzs0BHZn0JDZ8JRT088vjJYX777BAs1fDGxAC+q831qOs2DTC96mNsG2opdfyyQ==",
      "os": ["linux"],
      "cpu": ["riscv64"]
    },
    "@esbuild/linux-s390x@0.28.1": {
      "integrity": "sha512-/lAIjX8aYFRByhh6L5rYtPEDRqa9de/4V/juOXcta5frjvzXO4/sqEtyytse0g3zZFuWu5cDN0MkLz2qRDD2Ag==",
      "os": ["linux"],
      "cpu": ["s390x"]
    },
    "@esbuild/linux-x64@0.28.1": {
      "integrity": "sha512-u/anNYF2mmVOEDwLtnQ1wOr3EZ9sTNGLWrsYGYwHWzGA3Si84IOkHXlbWTD1NB+9/1lcnweYKO54uhxZydNzfA==",
      "os": ["linux"],
      "cpu": ["x64"]
    },
    "@esbuild/netbsd-arm64@0.28.1": {
      "integrity": "sha512-oks0DYbLwWMmaakTsCb+zL4E+aHRVLom9IJZOAthMQEPiQmydXHkziYEsGYRx0uNV/IjEKGAV941JzH02pflqw==",
      "os": ["netbsd"],
      "cpu": ["arm64"]
    },
    "@esbuild/netbsd-x64@0.28.1": {
      "integrity": "sha512-aeL6lAnN89Hz43Mlh1G8ARasbuoYvSITDEx0tHh5b7jJnHcssqgjy9Yx430GDpmCa6OyrKoS0aNRjKundRizGg==",
      "os": ["netbsd"],
      "cpu": ["x64"]
    },
    "@esbuild/openbsd-arm64@0.28.1": {
      "integrity": "sha512-MEFJe5C3R8pwXdZ5Y21oo6m7ePiS0d9pWucn99O/wvyJZChoIQKrQDxKrGeW8F5+T0okTHesAmDeiHDTIq0V/Q==",
      "os": ["openbsd"],
      "cpu": ["arm64"]
    },
    "@esbuild/openbsd-x64@0.28.1": {
      "integrity": "sha512-i/ZLIOafE0Z8cI/XANJAixoJL/uRAoS2xOA3rb0xN+KK0K177cMAsQYkzHtBrtMXAKuAc7HGgcWiZ/sRC1Nxgw==",
      "os": ["openbsd"],
      "cpu": ["x64"]
    },
    "@esbuild/openharmony-arm64@0.28.1": {
      "integrity": "sha512-ge+Z7EXFNt2BO1oAMsVpiQ8EwndV9i1xXerAeTIK7AtPs3bKFXQM7nlRxDSIUIMeueR1CNXxqztLzdNeReKBJg==",
      "os": ["openharmony"],
      "cpu": ["arm64"]
    },
    "@esbuild/sunos-x64@0.28.1": {
      "integrity": "sha512-BEjgtECkL3vY+SaSQ6nzVfiALUeFxpawyp8Jmf5PtYhf1Ug40N1h/hxlhts+f1FvSvarEigdxS3BlSMI2PJLcQ==",
      "os": ["sunos"],
      "cpu": ["x64"]
    },
    "@esbuild/win32-arm64@0.28.1": {
      "integrity": "sha512-lCv9eK/H6ZJWbE7bh2nw54CZ9M2nupBxJcTsdk/QQnWkdSjKGuxmmH8/GWrlT1eMmZfn4dGcCjRte397WqfQXA==",
      "os": ["win32"],
      "cpu": ["arm64"]
    },
    "@esbuild/win32-ia32@0.28.1": {
      "integrity": "sha512-zvb/mB2bSCoJOpoCBgYKKpX6YM6mJBlBUVUtVj41DlZJVEB6/0CKlRYxP5wWl1C1ILiCoAU5wZZ4q1P3qeS6Eg==",
      "os": ["win32"],
      "cpu": ["ia32"]
    },
    "@esbuild/win32-x64@0.28.1": {
      "integrity": "sha512-bm4Mowrv+GXMlpWX++EcXw/iLyd1o3+bJkC2DkWXYVvgZCqD/bSj9ctZeAMC3cIxgjRVR2Dufaiu4YPxr5gW1A==",
      "os": ["win32"],
      "cpu": ["x64"]
    },
    "@img/colour@1.1.0": {
      "integrity": "sha512-Td76q7j57o/tLVdgS746cYARfSyxk8iEfRxewL9h4OMzYhbW4TAcppl0mT4eyqXddh6L/jwoM75mo7ixa/pCeQ=="
    },
    "@img/sharp-darwin-arm64@0.34.5": {
      "integrity": "sha512-imtQ3WMJXbMY4fxb/Ndp6HBTNVtWCUI0WdobyheGf5+ad6xX8VIDO8u2xE4qc/fr08CKG/7dDseFtn6M6g/r3w==",
      "optionalDependencies": [
        "@img/sharp-libvips-darwin-arm64"
      ],
      "os": ["darwin"],
      "cpu": ["arm64"]
    },
    "@img/sharp-darwin-x64@0.34.5": {
      "integrity": "sha512-YNEFAF/4KQ/PeW0N+r+aVVsoIY0/qxxikF2SWdp+NRkmMB7y9LBZAVqQ4yhGCm/H3H270OSykqmQMKLBhBJDEw==",
      "optionalDependencies": [
        "@img/sharp-libvips-darwin-x64"
      ],
      "os": ["darwin"],
      "cpu": ["x64"]
    },
    "@img/sharp-libvips-darwin-arm64@1.2.4": {
      "integrity": "sha512-zqjjo7RatFfFoP0MkQ51jfuFZBnVE2pRiaydKJ1G/rHZvnsrHAOcQALIi9sA5co5xenQdTugCvtb1cuf78Vf4g==",
      "os": ["darwin"],
      "cpu": ["arm64"]
    },
    "@img/sharp-libvips-darwin-x64@1.2.4": {
      "integrity": "sha512-1IOd5xfVhlGwX+zXv2N93k0yMONvUlANylbJw1eTah8K/Jtpi15KC+WSiaX/nBmbm2HxRM1gZ0nSdjSsrZbGKg==",
      "os": ["darwin"],
      "cpu": ["x64"]
    },
    "@img/sharp-libvips-linux-arm64@1.2.4": {
      "integrity": "sha512-excjX8DfsIcJ10x1Kzr4RcWe1edC9PquDRRPx3YVCvQv+U5p7Yin2s32ftzikXojb1PIFc/9Mt28/y+iRklkrw==",
      "os": ["linux"],
      "cpu": ["arm64"]
    },
    "@img/sharp-libvips-linux-arm@1.2.4": {
      "integrity": "sha512-bFI7xcKFELdiNCVov8e44Ia4u2byA+l3XtsAj+Q8tfCwO6BQ8iDojYdvoPMqsKDkuoOo+X6HZA0s0q11ANMQ8A==",
      "os": ["linux"],
      "cpu": ["arm"]
    },
    "@img/sharp-libvips-linux-ppc64@1.2.4": {
      "integrity": "sha512-FMuvGijLDYG6lW+b/UvyilUWu5Ayu+3r2d1S8notiGCIyYU/76eig1UfMmkZ7vwgOrzKzlQbFSuQfgm7GYUPpA==",
      "os": ["linux"],
      "cpu": ["ppc64"]
    },
    "@img/sharp-libvips-linux-riscv64@1.2.4": {
      "integrity": "sha512-oVDbcR4zUC0ce82teubSm+x6ETixtKZBh/qbREIOcI3cULzDyb18Sr/Wcyx7NRQeQzOiHTNbZFF1UwPS2scyGA==",
      "os": ["linux"],
      "cpu": ["riscv64"]
    },
    "@img/sharp-libvips-linux-s390x@1.2.4": {
      "integrity": "sha512-qmp9VrzgPgMoGZyPvrQHqk02uyjA0/QrTO26Tqk6l4ZV0MPWIW6LTkqOIov+J1yEu7MbFQaDpwdwJKhbJvuRxQ==",
      "os": ["linux"],
      "cpu": ["s390x"]
    },
    "@img/sharp-libvips-linux-x64@1.2.4": {
      "integrity": "sha512-tJxiiLsmHc9Ax1bz3oaOYBURTXGIRDODBqhveVHonrHJ9/+k89qbLl0bcJns+e4t4rvaNBxaEZsFtSfAdquPrw==",
      "os": ["linux"],
      "cpu": ["x64"]
    },
    "@img/sharp-libvips-linuxmusl-arm64@1.2.4": {
      "integrity": "sha512-FVQHuwx1IIuNow9QAbYUzJ+En8KcVm9Lk5+uGUQJHaZmMECZmOlix9HnH7n1TRkXMS0pGxIJokIVB9SuqZGGXw==",
      "os": ["linux"],
      "cpu": ["arm64"]
    },
    "@img/sharp-libvips-linuxmusl-x64@1.2.4": {
      "integrity": "sha512-+LpyBk7L44ZIXwz/VYfglaX/okxezESc6UxDSoyo2Ks6Jxc4Y7sGjpgU9s4PMgqgjj1gZCylTieNamqA1MF7Dg==",
      "os": ["linux"],
      "cpu": ["x64"]
    },
    "@img/sharp-linux-arm64@0.34.5": {
      "integrity": "sha512-bKQzaJRY/bkPOXyKx5EVup7qkaojECG6NLYswgktOZjaXecSAeCWiZwwiFf3/Y+O1HrauiE3FVsGxFg8c24rZg==",
      "optionalDependencies": [
        "@img/sharp-libvips-linux-arm64"
      ],
      "os": ["linux"],
      "cpu": ["arm64"]
    },
    "@img/sharp-linux-arm@0.34.5": {
      "integrity": "sha512-9dLqsvwtg1uuXBGZKsxem9595+ujv0sJ6Vi8wcTANSFpwV/GONat5eCkzQo/1O6zRIkh0m/8+5BjrRr7jDUSZw==",
      "optionalDependencies": [
        "@img/sharp-libvips-linux-arm"
      ],
      "os": ["linux"],
      "cpu": ["arm"]
    },
    "@img/sharp-linux-ppc64@0.34.5": {
      "integrity": "sha512-7zznwNaqW6YtsfrGGDA6BRkISKAAE1Jo0QdpNYXNMHu2+0dTrPflTLNkpc8l7MUP5M16ZJcUvysVWWrMefZquA==",
      "optionalDependencies": [
        "@img/sharp-libvips-linux-ppc64"
      ],
      "os": ["linux"],
      "cpu": ["ppc64"]
    },
    "@img/sharp-linux-riscv64@0.34.5": {
      "integrity": "sha512-51gJuLPTKa7piYPaVs8GmByo7/U7/7TZOq+cnXJIHZKavIRHAP77e3N2HEl3dgiqdD/w0yUfiJnII77PuDDFdw==",
      "optionalDependencies": [
        "@img/sharp-libvips-linux-riscv64"
      ],
      "os": ["linux"],
      "cpu": ["riscv64"]
    },
    "@img/sharp-linux-s390x@0.34.5": {
      "integrity": "sha512-nQtCk0PdKfho3eC5MrbQoigJ2gd1CgddUMkabUj+rBevs8tZ2cULOx46E7oyX+04WGfABgIwmMC0VqieTiR4jg==",
      "optionalDependencies": [
        "@img/sharp-libvips-linux-s390x"
      ],
      "os": ["linux"],
      "cpu": ["s390x"]
    },
    "@img/sharp-linux-x64@0.34.5": {
      "integrity": "sha512-MEzd8HPKxVxVenwAa+JRPwEC7QFjoPWuS5NZnBt6B3pu7EG2Ge0id1oLHZpPJdn3OQK+BQDiw9zStiHBTJQQQQ==",
      "optionalDependencies": [
        "@img/sharp-libvips-linux-x64"
      ],
      "os": ["linux"],
      "cpu": ["x64"]
    },
    "@img/sharp-linuxmusl-arm64@0.34.5": {
      "integrity": "sha512-fprJR6GtRsMt6Kyfq44IsChVZeGN97gTD331weR1ex1c1rypDEABN6Tm2xa1wE6lYb5DdEnk03NZPqA7Id21yg==",
      "optionalDependencies": [
        "@img/sharp-libvips-linuxmusl-arm64"
      ],
      "os": ["linux"],
      "cpu": ["arm64"]
    },
    "@img/sharp-linuxmusl-x64@0.34.5": {
      "integrity": "sha512-Jg8wNT1MUzIvhBFxViqrEhWDGzqymo3sV7z7ZsaWbZNDLXRJZoRGrjulp60YYtV4wfY8VIKcWidjojlLcWrd8Q==",
      "optionalDependencies": [
        "@img/sharp-libvips-linuxmusl-x64"
      ],
      "os": ["linux"],
      "cpu": ["x64"]
    },
    "@img/sharp-wasm32@0.34.5": {
      "integrity": "sha512-OdWTEiVkY2PHwqkbBI8frFxQQFekHaSSkUIJkwzclWZe64O1X4UlUjqqqLaPbUpMOQk6FBu/HtlGXNblIs0huw==",
      "dependencies": [
        "@emnapi/runtime"
      ],
      "cpu": ["wasm32"]
    },
    "@img/sharp-win32-arm64@0.34.5": {
      "integrity": "sha512-WQ3AgWCWYSb2yt+IG8mnC6Jdk9Whs7O0gxphblsLvdhSpSTtmu69ZG1Gkb6NuvxsNACwiPV6cNSZNzt0KPsw7g==",
      "os": ["win32"],
      "cpu": ["arm64"]
    },
    "@img/sharp-win32-ia32@0.34.5": {
      "integrity": "sha512-FV9m/7NmeCmSHDD5j4+4pNI8Cp3aW+JvLoXcTUo0IqyjSfAZJ8dIUmijx1qaJsIiU+Hosw6xM5KijAWRJCSgNg==",
      "os": ["win32"],
      "cpu": ["ia32"]
    },
    "@img/sharp-win32-x64@0.34.5": {
      "integrity": "sha512-+29YMsqY2/9eFEiW93eqWnuLcWcufowXewwSNIT6UwZdUUCrM3oFjMWH/Z6/TMmb4hlFenmfAVbpWeup2jryCw==",
      "os": ["win32"],
      "cpu": ["x64"]
    },
    "@jridgewell/resolve-uri@3.1.2": {
      "integrity": "sha512-bRISgCIjP20/tbWSPWMEi54QVPRZExkuD9lJL+UIxUKtwVJA8wW1Trb1jMs1RFXo1CBTNZ/5hpC9QvmKWdopKw=="
    },
    "@jridgewell/sourcemap-codec@1.5.5": {
      "integrity": "sha512-cYQ9310grqxueWbl+WuIUIaiUaDcj7WOq5fVhEljNVgRfOUhY9fy2zTvfoqWsnebh8Sl70VScFbICvJnLKB0Og=="
    },
    "@jridgewell/trace-mapping@0.3.9": {
      "integrity": "sha512-3Belt6tdc8bPgAtbcmdtNJlirVoTmEb5e2gC94PnkwEW9jI6CAHUeoG85tjWP5WquqfavoMtMwiG4P926ZKKuQ==",
      "dependencies": [
        "@jridgewell/resolve-uri",
        "@jridgewell/sourcemap-codec"
      ]
    },
    "@poppinss/colors@4.1.6": {
      "integrity": "sha512-H9xkIdFswbS8n1d6vmRd8+c10t2Qe+rZITbbDHHkQixH5+2x1FDGmi/0K+WgWiqQFKPSlIYB7jlH6Kpfn6Fleg==",
      "dependencies": [
        "kleur"
      ]
    },
    "@poppinss/dumper@0.6.5": {
      "integrity": "sha512-NBdYIb90J7LfOI32dOewKI1r7wnkiH6m920puQ3qHUeZkxNkQiFnXVWoE6YtFSv6QOiPPf7ys6i+HWWecDz7sw==",
      "dependencies": [
        "@poppinss/colors",
        "@sindresorhus/is",
        "supports-color"
      ]
    },
    "@poppinss/exception@1.2.3": {
      "integrity": "sha512-dCED+QRChTVatE9ibtoaxc+WkdzOSjYTKi/+uacHWIsfodVfpsueo3+DKpgU5Px8qXjgmXkSvhXvSCz3fnP9lw=="
    },
    "@sindresorhus/is@7.2.0": {
      "integrity": "sha512-P1Cz1dWaFfR4IR+U13mqqiGsLFf1KbayybWwdd2vfctdV6hDpUkgCY0nKOLLTMSoRd/jJNjtbqzf13K8DCCXQw=="
    },
    "@speed-highlight/core@1.2.17": {
      "integrity": "sha512-Z92FwKpCtfaW1V0jTU/fh3QzYEZN8wDwrzRIBoADCJfn4mJCNcJN/XegifX7BDrQ8/h9Xh/JnbyMchL0FqXrkg=="
    },
    "@types/node@22.5.4": {
      "integrity": "sha512-FDuKUJQm/ju9fT/SeX/6+gBzoPzlVCzfzmGkwKvRHQVxi4BntVbyIwf6a4Xn62mrvndLiml6z/UBXIdEVjQLXg==",
      "dependencies": [
        "undici-types"
      ]
    },
    "@valibot/to-json-schema@1.7.1_valibot@1.4.2": {
      "integrity": "sha512-3qkmU6KXWh8GIThEAW3kuRHPQBMjWkKy+Ppz3WkUucx53DTpOa6siMn4xDGSOhlVyMrDaJTCTMLYPZVAIk1P0A==",
      "dependencies": [
        "valibot"
      ]
    },
    "adiff@0.2.13": {
      "integrity": "sha512-EeKiARTSOy/Tah9RXE83g/PmW1gLQdRKTYiX6c1+OWjzWaJPqbECKvSVB1kejSPQSYJJah0JhuTUsU3CerEH6Q=="
    },
    "blake3-wasm@2.1.5": {
      "integrity": "sha512-F1+K8EbfOZE49dtoPtmxUQrpXaBIl3ICvasLh+nJta0xkz+9kF/7uet9fLnwKqhDrmj6g+6K3Tw9yQPUg2ka5g=="
    },
    "cookie@1.1.1": {
      "integrity": "sha512-ei8Aos7ja0weRpFzJnEA9UHJ/7XQmqglbRwnf2ATjcB9Wq874VKH9kfjjirM6UhU2/E5fFYadylyhFldcqSidQ=="
    },
    "create-desktop-shortcuts@1.11.1": {
      "integrity": "sha512-EiHvxrMXXEp4xDD3Nvu1FKLueL9+aBWFYtuTlstYZLIg9H45SoYciizteNB+hvQAls3cRSpoXCM7c4q+lcJpyw==",
      "dependencies": [
        "which"
      ]
    },
    "destr@2.0.5": {
      "integrity": "sha512-ugFTXCtDZunbzasqBxrK93Ik/DRYsO6S/fedkWEMKqt04xZ4csmnmwGDBAb07QWNaGMAmnTIemsYZCksjATwsA=="
    },
    "detect-libc@2.1.2": {
      "integrity": "sha512-Btj2BOOO83o3WyH59e8MgXsxEQVcarkUOpEYrubB0urwnN10yQ364rsiByU11nZlqWYZm05i/of7io4mzihBtQ=="
    },
    "error-stack-parser-es@1.0.5": {
      "integrity": "sha512-5qucVt2XcuGMcEGgWI7i+yZpmpByQ8J1lHhcL7PwqCwu9FPP3VUXzT4ltHe5i2z9dePwEHcDVOAfSnHsOlCXRA=="
    },
    "esbuild@0.28.1": {
      "integrity": "sha512-HrJrvZv5ayxBzPfwphOoNzkzOIIlifzk0KJrGK2c8R4+LKpMtpYLQeUdjnwjWv/LZlkH2laZk+4w78pi99D4Vw==",
      "optionalDependencies": [
        "@esbuild/aix-ppc64",
        "@esbuild/android-arm",
        "@esbuild/android-arm64",
        "@esbuild/android-x64",
        "@esbuild/darwin-arm64",
        "@esbuild/darwin-x64",
        "@esbuild/freebsd-arm64",
        "@esbuild/freebsd-x64",
        "@esbuild/linux-arm",
        "@esbuild/linux-arm64",
        "@esbuild/linux-ia32",
        "@esbuild/linux-loong64",
        "@esbuild/linux-mips64el",
        "@esbuild/linux-ppc64",
        "@esbuild/linux-riscv64",
        "@esbuild/linux-s390x",
        "@esbuild/linux-x64",
        "@esbuild/netbsd-arm64",
        "@esbuild/netbsd-x64",
        "@esbuild/openbsd-arm64",
        "@esbuild/openbsd-x64",
        "@esbuild/openharmony-arm64",
        "@esbuild/sunos-x64",
        "@esbuild/win32-arm64",
        "@esbuild/win32-ia32",
        "@esbuild/win32-x64"
      ],
      "scripts": true,
      "bin": true
    },
    "fsevents@2.3.3": {
      "integrity": "sha512-5xoDfX+fL7faATnagmWPpbFtwh/R77WmMMqqHGS65C3vvB0YHrgF+B1YmZ3441tMj5n63k0212XNoJwzlhffQw==",
      "os": ["darwin"],
      "scripts": true
    },
    "isexe@2.0.0": {
      "integrity": "sha512-RHxMLp9lnKHGHRng9QFhRCMbYAcVpn69smSGcq3f36xjgVVWThj4qqLbTLlq7Ssj8B+fIQ1EuCEGI2lKsyQeIw=="
    },
    "kleur@4.1.5": {
      "integrity": "sha512-o+NO+8WrRiQEE4/7nwRJhN1HWpVmJm511pBHUxPLtp0BUISzlBplORYSmTclCnJvQq2tKu/sgl3xVpkc7ZWuQQ=="
    },
    "miniflare@4.20260721.0": {
      "integrity": "sha512-fBLaCxZ2i/nPH8iyLzvza0C8/sSF4sjD1ma1Skf+pkZVK0TlaW5ujHJlUHwcwR66v2JZt+Q28d4DCX/oaLG0cA==",
      "dependencies": [
        "@cspotcode/source-map-support",
        "sharp",
        "undici",
        "workerd",
        "ws",
        "youch"
      ],
      "bin": true
    },
    "node-fetch-native@1.6.7": {
      "integrity": "sha512-g9yhqoedzIUm0nTnTqAQvueMPVOuIY16bqgAJJC8XOOubYFNwz6IER9qs0Gq2Xd0+CecCKFjtdDTMA4u4xG06Q=="
    },
    "ofetch@1.5.1": {
      "integrity": "sha512-2W4oUZlVaqAPAil6FUg/difl6YhqhUR7x2eZY4bQCko22UXg3hptq9KLQdqFClV+Wu85UX7hNtdGTngi/1BxcA==",
      "dependencies": [
        "destr",
        "node-fetch-native",
        "ufo"
      ]
    },
    "path-to-regexp@6.3.0": {
      "integrity": "sha512-Yhpw4T9C6hPpgPeA28us07OJeqZ5EzQTkbfwuhsUg0c237RomFoETJgmp2sa3F/41gfLE6G5cqcYwznmeEeOlQ=="
    },
    "pathe@2.0.3": {
      "integrity": "sha512-WUjGcAqP1gQacoQe+OBJsFA7Ld4DyXuUIjZ5cc75cLHvJ7dtNsTugphxIADwspS+AraAUePCKrSVtPLFj/F88w=="
    },
    "semver@7.8.5": {
      "integrity": "sha512-Y7/KDsb8LjooZpwaqGyulO6DQlksgCncchHGk+sZIY4SBvUocMBEFH5Ur1fI4dV+Jvl0w6cjvucaIi40puRioA==",
      "bin": true
    },
    "sharp@0.34.5": {
      "integrity": "sha512-Ou9I5Ft9WNcCbXrU9cMgPBcCK8LiwLqcbywW3t4oDV37n1pzpuNLsYiAV8eODnjbtQlSDwZ2cUEeQz4E54Hltg==",
      "dependencies": [
        "@img/colour",
        "detect-libc",
        "semver"
      ],
      "optionalDependencies": [
        "@img/sharp-darwin-arm64",
        "@img/sharp-darwin-x64",
        "@img/sharp-libvips-darwin-arm64",
        "@img/sharp-libvips-darwin-x64",
        "@img/sharp-libvips-linux-arm",
        "@img/sharp-libvips-linux-arm64",
        "@img/sharp-libvips-linux-ppc64",
        "@img/sharp-libvips-linux-riscv64",
        "@img/sharp-libvips-linux-s390x",
        "@img/sharp-libvips-linux-x64",
        "@img/sharp-libvips-linuxmusl-arm64",
        "@img/sharp-libvips-linuxmusl-x64",
        "@img/sharp-linux-arm",
        "@img/sharp-linux-arm64",
        "@img/sharp-linux-ppc64",
        "@img/sharp-linux-riscv64",
        "@img/sharp-linux-s390x",
        "@img/sharp-linux-x64",
        "@img/sharp-linuxmusl-arm64",
        "@img/sharp-linuxmusl-x64",
        "@img/sharp-wasm32",
        "@img/sharp-win32-arm64",
        "@img/sharp-win32-ia32",
        "@img/sharp-win32-x64"
      ],
      "scripts": true
    },
    "supports-color@10.2.2": {
      "integrity": "sha512-SS+jx45GF1QjgEXQx4NJZV9ImqmO2NPz5FNsIHrsDjh2YsHnawpan7SNQ1o8NuhrbHZy9AZhIoCUiCeaW/C80g=="
    },
    "tslib@2.8.1": {
      "integrity": "sha512-oJFu94HQb+KVduSUQL7wnpmqnfmLsOA/nAh6b6EH0wCEoK0/mPeXU6c3wKDV83MkOuHPRHtSXKKU99IBazS/2w=="
    },
    "ufo@1.6.4": {
      "integrity": "sha512-JFNbkD1Svwe0KvGi8GOeLcP4kAWQ609twvCdcHxq1oSL8svv39ZuSvajcD8B+5D0eL4+s1Is2D/O6KN3qcTeRA=="
    },
    "undici-types@6.19.8": {
      "integrity": "sha512-ve2KP6f/JnbPBFyobGHuerC9g1FYGn/F8n1LWTwNxCEzd6IfqTwUQcNXgEtmmQ6DlRrC1hrSrBnCZPokRrDHjw=="
    },
    "undici@7.28.0": {
      "integrity": "sha512-cRZYrTDwWznlnRiPjggAGxZXanty6M8RV1ff8Wm4LWXBp7/IG8v5DnOm74DtUBp9OONpK75YlPnIjQqX0dBDtA=="
    },
    "unenv@2.0.0-rc.24": {
      "integrity": "sha512-i7qRCmY42zmCwnYlh9H2SvLEypEFGye5iRmEMKjcGi7zk9UquigRjFtTLz0TYqr0ZGLZhaMHl/foy1bZR+Cwlw==",
      "dependencies": [
        "pathe"
      ]
    },
    "valibot@1.4.2": {
      "integrity": "sha512-gjdCvJ6d3RyHAneqxMYMW9QMCwYMb3jpOO0IyHZV1bnRHFBHrX3VkIILt5XYR0WhwHiH7Mty8ovuPZ/O3gamrg=="
    },
    "which@2.0.2": {
      "integrity": "sha512-BLI3Tl1TW3Pvl70l3yq3Y64i+awpwXqsGBYWkkqMtnbXgrMD+yj7rhW0kuEDxzJaYXGjEW5ogapKNMEKNMjibA==",
      "dependencies": [
        "isexe"
      ],
      "bin": true
    },
    "workerd@1.20260721.1": {
      "integrity": "sha512-b/DWhpV0jTudzQpLhDovcOgBz233386q+3Hbari7CLCNT9UXxjQziSTZ9yCoKdT2K3TSx5jrwlOisq8hlLWXYg==",
      "optionalDependencies": [
        "@cloudflare/workerd-darwin-64",
        "@cloudflare/workerd-darwin-arm64",
        "@cloudflare/workerd-linux-64",
        "@cloudflare/workerd-linux-arm64",
        "@cloudflare/workerd-windows-64"
      ],
      "scripts": true,
      "bin": true
    },
    "wrangler@4.113.0": {
      "integrity": "sha512-ROGzSloJv0y21It6Oc9LaruNcu1tdiQ/XzL3Jc3YkFjzXEMXzTqVhA8vQaGMTdZHTjFP0PVcwAHNgaw3gXu4wA==",
      "dependencies": [
        "@cloudflare/kv-asset-handler",
        "@cloudflare/unenv-preset",
        "blake3-wasm",
        "esbuild",
        "miniflare",
        "path-to-regexp",
        "unenv",
        "workerd"
      ],
      "optionalDependencies": [
        "fsevents"
      ],
      "bin": true
    },
    "ws@8.21.0": {
      "integrity": "sha512-Vsp28b7DRcimFQvrqu2Wek3z1iYxDCWqHYB8Qsnk/S4RfaCQzPGPyBNuVjJV3cd6UiKtUtp6sNM77gWvzcCH+g=="
    },
    "xdiff@0.2.11": {
      "integrity": "sha512-724yjHkwZyON3AqfmlEDLKPHJS0y3kxK8/oHtMu3qfDrESAGymv1QiKk5htK49fSMirRZmeAg2ocudWsiVvr8g==",
      "dependencies": [
        "adiff"
      ]
    },
    "youch-core@0.3.3": {
      "integrity": "sha512-ho7XuGjLaJ2hWHoK8yFnsUGy2Y5uDpqSTq1FkHLK4/oqKtyUU1AFbOOxY4IpC9f0fTLjwYbslUz0Po5BpD1wrA==",
      "dependencies": [
        "@poppinss/exception",
        "error-stack-parser-es"
      ]
    },
    "youch@4.1.0-beta.10": {
      "integrity": "sha512-rLfVLB4FgQneDr0dv1oddCVZmKjcJ6yX6mS4pU82Mq/Dt9a3cLZQ62pDBL4AUO+uVrCvtWz3ZFUL2HFAFJ/BXQ==",
      "dependencies": [
        "@poppinss/colors",
        "@poppinss/dumper",
        "@speed-highlight/core",
        "cookie",
        "youch-core"
      ]
    }
  },
  "workspace": {
    "dependencies": [
      "jsr:@std/assert@^1.0.19"
    ],
    "members": {
      "git-json-merge": {
        "dependencies": [
          "jsr:@david/dax@0.49",
          "jsr:@std/jsonc@^1.0.2",
          "npm:xdiff@~0.2.11"
        ]
      },
      "pkg": {
        "dependencies": [
          "jsr:@std/cli@^1.0.32",
          "jsr:@std/fs@^1.0.24",
          "jsr:@std/path@^1.1.6",
          "npm:@valibot/to-json-schema@^1.7.1",
          "npm:create-desktop-shortcuts@^1.11.1",
          "npm:ofetch@^1.5.1",
          "npm:valibot@^1.4.2"
        ]
      },
      "repo-tools": {
        "dependencies": [
          "jsr:@std/fs@^1.0.24",
          "jsr:@std/path@^1.1.6",
          "npm:wrangler@^4.113.0"
        ]
      }
    }
  }
}
